
Microsoft Visual Studio Solution File, Format Version 12.00
# Visual Studio Version 16
VisualStudioVersion = 16.0.31205.134
MinimumVisualStudioVersion = 10.0.40219.1
Project("{FAE04EC0-301F-11D3-BF4B-00C04F79EFBC}") = "PalindromeNumber", "PalindromeNumber\PalindromeNumber.csproj", "{A2E6FF93-C9AF-4B40-88FE-B3AC6D3F05FD}"
EndProject
Global
	GlobalSection(SolutionConfigurationPlatforms) = preSolution
		Debug|Any CPU = Debug|Any CPU
		Release|Any CPU = Release|Any CPU
	EndGlobalSection
	GlobalSection(ProjectConfigurationPlatforms) = postSolution
		{A2E6FF93-C9AF-4B40-88FE-B3AC6D3F05FD}.Debug|Any CPU.ActiveCfg = Debug|Any CPU
		{A2E6FF93-C9AF-4B40-88FE-B3AC6D3F05FD}.Debug|Any CPU.Build.0 = Debug|Any CPU
		{A2E6FF93-C9AF-4B40-88FE-B3AC6D3F05FD}.Release|Any CPU.ActiveCfg = Release|Any CPU
		{A2E6FF93-C9AF-4B40-88FE-B3AC6D3F05FD}.Release|Any CPU.Build.0 = Release|Any CPU
	EndGlobalSection
	GlobalSection(SolutionProperties) = preSolution
		HideSolutionNode = FALSE
	EndGlobalSection
	GlobalSection(ExtensibilityGlobals) = postSolution
		SolutionGuid = {FDD233AD-8D4A-4FE4-8B10-329BBBB8B6D8}
	EndGlobalSection
EndGlobal
