
Microsoft Visual Studio Solution File, Format Version 12.00
# Visual Studio Version 16
VisualStudioVersion = 16.0.31205.134
MinimumVisualStudioVersion = 10.0.40219.1
Project("{FAE04EC0-301F-11D3-BF4B-00C04F79EFBC}") = "TwoSum", "TwoSum\TwoSum.csproj", "{FED27243-9D95-4411-AABC-CB7913D3B0D6}"
EndProject
Global
	GlobalSection(SolutionConfigurationPlatforms) = preSolution
		Debug|Any CPU = Debug|Any CPU
		Release|Any CPU = Release|Any CPU
	EndGlobalSection
	GlobalSection(ProjectConfigurationPlatforms) = postSolution
		{FED27243-9D95-4411-AABC-CB7913D3B0D6}.Debug|Any CPU.ActiveCfg = Debug|Any CPU
		{FED27243-9D95-4411-AABC-CB7913D3B0D6}.Debug|Any CPU.Build.0 = Debug|Any CPU
		{FED27243-9D95-4411-AABC-CB7913D3B0D6}.Release|Any CPU.ActiveCfg = Release|Any CPU
		{FED27243-9D95-4411-AABC-CB7913D3B0D6}.Release|Any CPU.Build.0 = Release|Any CPU
	EndGlobalSection
	GlobalSection(SolutionProperties) = preSolution
		HideSolutionNode = FALSE
	EndGlobalSection
	GlobalSection(ExtensibilityGlobals) = postSolution
		SolutionGuid = {A63528E0-DB20-409F-99B9-D5A3C37A031E}
	EndGlobalSection
EndGlobal
